
Microsoft Visual Studio Solution File, Format Version 12.00
# Visual Studio Version 17
VisualStudioVersion = 17.6.33723.286
MinimumVisualStudioVersion = 10.0.40219.1
Project("{FAE04EC0-301F-11D3-BF4B-00C04F79EFBC}") = "PokemonOOP5", "PokemonOOP5.csproj", "{FF078F04-BB4F-469E-9B28-9BFF205F9051}"
EndProject
Global
	GlobalSection(SolutionConfigurationPlatforms) = preSolution
		Debug|Any CPU = Debug|Any CPU
		Release|Any CPU = Release|Any CPU
	EndGlobalSection
	GlobalSection(ProjectConfigurationPlatforms) = postSolution
		{FF078F04-BB4F-469E-9B28-9BFF205F9051}.Debug|Any CPU.ActiveCfg = Debug|Any CPU
		{FF078F04-BB4F-469E-9B28-9BFF205F9051}.Debug|Any CPU.Build.0 = Debug|Any CPU
		{FF078F04-BB4F-469E-9B28-9BFF205F9051}.Release|Any CPU.ActiveCfg = Release|Any CPU
		{FF078F04-BB4F-469E-9B28-9BFF205F9051}.Release|Any CPU.Build.0 = Release|Any CPU
	EndGlobalSection
	GlobalSection(SolutionProperties) = preSolution
		HideSolutionNode = FALSE
	EndGlobalSection
	GlobalSection(ExtensibilityGlobals) = postSolution
		SolutionGuid = {01E8BCCF-EAFC-4F51-96FA-26F56F9AB286}
	EndGlobalSection
EndGlobal
